{
  "name": "@fxjs/orm-migrator",
  "version": "1.0.0",
  "lockfileVersion": 1,
  "requires": true,
  "dependencies": {
    "@fibjs/detect-port": {
      "version": "1.0.2",
      "resolved": "https://registry.npmjs.org/@fibjs/detect-port/-/detect-port-1.0.2.tgz",
      "integrity": "sha512-0/P3bVPUWpHurdbWDPMvG+oROlgjC5V2Bs1ymzG7lA7oD0CdiGZMVG0WRzk4sdobm4TUEM0sJjOlnmkY1ijQjQ=="
    },
    "@fibjs/mkdirp": {
      "version": "1.0.1",
      "resolved": "https://registry.npmjs.org/@fibjs/mkdirp/-/mkdirp-1.0.1.tgz",
      "integrity": "sha1-0+4PvnLxkgkOq7DgifQPATqP4Oo="
    },
    "@fxjs/cli": {
      "version": "0.0.2",
      "resolved": "https://registry.npmjs.org/@fxjs/cli/-/cli-0.0.2.tgz",
      "integrity": "sha512-0rTbNRuYv7mJmQSqAvt64+8Sv7xMnw0mjFvXbWgn5HGTNE66Qt8PzCzUeLqeYWaaiLUgkmoYKXmLsUcebzTu6Q==",
      "requires": {
        "@fibjs/detect-port": "^1.0.2",
        "@fibjs/mkdirp": "^1.0.1",
        "debug": "^4.1.1",
        "mri": "^1.1.4"
      }
    },
    "@fxjs/db-driver": {
      "version": "0.0.2",
      "resolved": "https://registry.npmjs.org/@fxjs/db-driver/-/db-driver-0.0.2.tgz",
      "integrity": "sha512-GxmIvrxcLzkc0n9YbOzINKkR7E4gEp8SwvdiLFImoWN+9JJfciSSFpWBOBQZTGMp4VY0C/MbnPE5blGcWpkcoA==",
      "requires": {
        "parse-querystring-dotkey": "^1.0.3"
      }
    },
    "@fxjs/sql-ddl-sync": {
      "version": "0.5.1",
      "resolved": "https://registry.npmjs.org/@fxjs/sql-ddl-sync/-/sql-ddl-sync-0.5.1.tgz",
      "integrity": "sha512-AcIbbtHBxlr1G2RWV2QxqNCJodONgC0hz60qSr+7YlLhyTrdr1gbYS/QjehD4RASIM722kygQFK8GCiF3IYODA=="
    },
    "@fxjs/sql-query": {
      "version": "0.5.1",
      "resolved": "https://registry.npmjs.org/@fxjs/sql-query/-/sql-query-0.5.1.tgz",
      "integrity": "sha512-bG7XT6vRHyCRzvHLuiHM0q+t2389gfMMhy5mWQ6x+QEAu07wUcfjuXntwYymgrR7xNNaUOy60LdhsM0G+Qf25A=="
    },
    "debug": {
      "version": "4.1.1",
      "resolved": "https://registry.npmjs.org/debug/-/debug-4.1.1.tgz",
      "integrity": "sha512-pYAIzeRo8J6KPEaJ0VWOh5Pzkbw/RetuzehGM7QRRX5he4fPHx2rdKMB256ehJCkX+XRQm16eZLqLNS8RSZXZw==",
      "requires": {
        "ms": "^2.1.1"
      }
    },
    "mri": {
      "version": "1.1.4",
      "resolved": "https://registry.npmjs.org/mri/-/mri-1.1.4.tgz",
      "integrity": "sha512-6y7IjGPm8AzlvoUrwAaw1tLnUBudaS3752vcd8JtrpGGQn+rXIe63LFVHm/YMwtqAuh+LJPCFdlLYPWM1nYn6w=="
    },
    "ms": {
      "version": "2.1.2",
      "resolved": "https://registry.npmjs.org/ms/-/ms-2.1.2.tgz",
      "integrity": "sha512-sGkPx+VjMtmA6MX27oA4FBFELFCZZ4S4XqeGOXCv68tT+jb3vk/RyaKWP0PTKyWtmLSM0b+adUTEvbs1PEaH2w=="
    },
    "parse-querystring-dotkey": {
      "version": "1.0.3",
      "resolved": "https://registry.npmjs.org/parse-querystring-dotkey/-/parse-querystring-dotkey-1.0.3.tgz",
      "integrity": "sha512-q97xHgsLIpDJsd7Qm7yHAEwZjL++bldhW+CgH+RvISOgXeTME22QWcGlCXLrniIOmzbjD3afSCms4JOvbunY9g=="
    }
  }
}
