{
  "name": "@fxjs/orm-hql",
  "version": "0.0.2",
  "lockfileVersion": 1,
  "requires": true,
  "dependencies": {
    "@fibjs/builtin-modules": {
      "version": "0.1.0",
      "resolved": "https://registry.npmjs.org/@fibjs/builtin-modules/-/builtin-modules-0.1.0.tgz",
      "integrity": "sha512-BTVyJZESn/VOddehwzrMcy4k/YyILYhuVQYds7bQ1zPbPbEgrlOL4wT+kHJ2AjpfM/I1EFAGF1EQbS2DsMD+vQ==",
      "dev": true
    },
    "@fibjs/detect-port": {
      "version": "1.0.2",
      "resolved": "https://registry.npmjs.org/@fibjs/detect-port/-/detect-port-1.0.2.tgz",
      "integrity": "sha512-0/P3bVPUWpHurdbWDPMvG+oROlgjC5V2Bs1ymzG7lA7oD0CdiGZMVG0WRzk4sdobm4TUEM0sJjOlnmkY1ijQjQ==",
      "dev": true
    },
    "@fibjs/fs-readdir-recursive": {
      "version": "1.0.2",
      "resolved": "https://registry.npmjs.org/@fibjs/fs-readdir-recursive/-/fs-readdir-recursive-1.0.2.tgz",
      "integrity": "sha1-TfNUYV00pUvylj3MP2WbSlkwVq0=",
      "dev": true
    },
    "@fibjs/mkdirp": {
      "version": "1.0.1",
      "resolved": "https://registry.npmjs.org/@fibjs/mkdirp/-/mkdirp-1.0.1.tgz",
      "integrity": "sha1-0+4PvnLxkgkOq7DgifQPATqP4Oo=",
      "dev": true
    },
    "@fibjs/rmdirr": {
      "version": "2.0.0",
      "resolved": "https://registry.npmjs.org/@fibjs/rmdirr/-/rmdirr-2.0.0.tgz",
      "integrity": "sha1-a4Eg4LS+suJgYIhRR0OxkBE31u0=",
      "dev": true
    },
    "@fibjs/types": {
      "version": "0.27.1",
      "resolved": "https://registry.npmjs.org/@fibjs/types/-/types-0.27.1.tgz",
      "integrity": "sha512-5IO9AXYHkKfXr3QK0gOq4x5FG/xnvGwEa9/Vg2nt2+TmKpjOe61r3CCFcHpyyJxZbTkoIgj/IHr2/q10RoH01g==",
      "dev": true
    },
    "@fxjs/cli": {
      "version": "0.0.2",
      "resolved": "https://registry.npmjs.org/@fxjs/cli/-/cli-0.0.2.tgz",
      "integrity": "sha512-0rTbNRuYv7mJmQSqAvt64+8Sv7xMnw0mjFvXbWgn5HGTNE66Qt8PzCzUeLqeYWaaiLUgkmoYKXmLsUcebzTu6Q==",
      "dev": true,
      "requires": {
        "@fibjs/detect-port": "^1.0.2",
        "@fibjs/mkdirp": "^1.0.1",
        "debug": "^4.1.1",
        "mri": "^1.1.4"
      }
    },
    "@types/nearley": {
      "version": "2.11.0",
      "resolved": "https://registry.npmjs.org/@types/nearley/-/nearley-2.11.0.tgz",
      "integrity": "sha512-sW7qB59pz+AJCpiT3ivsMMsr/5stuCUf4IC22QfhYAMItBy3XSjyzCa/oRG+oTTzYnx5VuPtPNHN4fZ0QRnKDg=="
    },
    "braces": {
      "version": "3.0.2",
      "resolved": "https://registry.npmjs.org/braces/-/braces-3.0.2.tgz",
      "integrity": "sha512-b8um+L1RzM3WDSzvhm6gIz1yfTbBt6YTlcEKAvsmqCZZFw46z626lVj9j1yEPW33H5H+lBQpZMP1k8l+78Ha0A==",
      "dev": true,
      "requires": {
        "fill-range": "^7.0.1"
      }
    },
    "buffer-from": {
      "version": "1.1.1",
      "resolved": "https://registry.npmjs.org/buffer-from/-/buffer-from-1.1.1.tgz",
      "integrity": "sha512-MQcXEUbCKtEo7bhqEs6560Hyd4XaovZlO/k9V3hjVUF/zwW7KBVdSK4gIt/bzwS9MbR5qob+F5jusZsb0YQK2A==",
      "dev": true
    },
    "commander": {
      "version": "2.20.3",
      "resolved": "https://registry.npmjs.org/commander/-/commander-2.20.3.tgz",
      "integrity": "sha512-GpVkmM8vF2vQUkj2LvZmD35JxeJOLCwJ9cUkugyk2nuhbv3+mJvpLYYt+0+USMxE+oj+ey/lJEnhZw75x/OMcQ=="
    },
    "debug": {
      "version": "4.1.1",
      "resolved": "https://registry.npmjs.org/debug/-/debug-4.1.1.tgz",
      "integrity": "sha512-pYAIzeRo8J6KPEaJ0VWOh5Pzkbw/RetuzehGM7QRRX5he4fPHx2rdKMB256ehJCkX+XRQm16eZLqLNS8RSZXZw==",
      "dev": true,
      "requires": {
        "ms": "^2.1.1"
      }
    },
    "discontinuous-range": {
      "version": "1.0.0",
      "resolved": "https://registry.npmjs.org/discontinuous-range/-/discontinuous-range-1.0.0.tgz",
      "integrity": "sha1-44Mx8IRLukm5qctxx3FYWqsbxlo="
    },
    "fib-pool": {
      "version": "1.6.0",
      "resolved": "https://registry.npmjs.org/fib-pool/-/fib-pool-1.6.0.tgz",
      "integrity": "sha512-fPZeFGltB4CNU/mtoiMoVTfJVtKssjHSUt+lBJEP+h09ACX718S7TnBA/xn78RHAmuglbNt7g1qX24fI6eC6HQ==",
      "dev": true
    },
    "fib-typify": {
      "version": "0.8.5",
      "resolved": "https://registry.npmjs.org/fib-typify/-/fib-typify-0.8.5.tgz",
      "integrity": "sha512-jO8YocCinoahZdLs/fN/+zXhZgASIGj+bWRnY7n5y7Pva1HV+unQPmSSpzYfIYi6nWqBjTLgWZ28dgOLN9JWcQ==",
      "dev": true,
      "requires": {
        "@fibjs/builtin-modules": "^0.1.0",
        "@fibjs/fs-readdir-recursive": "^1.0.2",
        "@fibjs/mkdirp": "^1.0.1",
        "@fibjs/rmdirr": "^2.0.0",
        "@fxjs/cli": "0.0.2",
        "micromatch": "^4.0.2",
        "source-map-support": "^0.5.12",
        "typescript": "^4.0.2"
      }
    },
    "fill-range": {
      "version": "7.0.1",
      "resolved": "https://registry.npmjs.org/fill-range/-/fill-range-7.0.1.tgz",
      "integrity": "sha512-qOo9F+dMUmC2Lcb4BbVvnKJxTPjCm+RRpe4gDuGrzkL7mEVl/djYSu2OdQ2Pa302N4oqkSg9ir6jaLWJ2USVpQ==",
      "dev": true,
      "requires": {
        "to-regex-range": "^5.0.1"
      }
    },
    "is-number": {
      "version": "7.0.0",
      "resolved": "https://registry.npmjs.org/is-number/-/is-number-7.0.0.tgz",
      "integrity": "sha512-41Cifkg6e8TylSpdtTpeLVMqvSBEVzTttHvERD741+pnZ8ANv0004MRL43QKPDlK9cGvNp6NZWZUBlbGXYxxng==",
      "dev": true
    },
    "micromatch": {
      "version": "4.0.2",
      "resolved": "https://registry.npmjs.org/micromatch/-/micromatch-4.0.2.tgz",
      "integrity": "sha512-y7FpHSbMUMoyPbYUSzO6PaZ6FyRnQOpHuKwbo1G+Knck95XVU4QAiKdGEnj5wwoS7PlOgthX/09u5iFJ+aYf5Q==",
      "dev": true,
      "requires": {
        "braces": "^3.0.1",
        "picomatch": "^2.0.5"
      }
    },
    "moo": {
      "version": "0.4.3",
      "resolved": "https://registry.npmjs.org/moo/-/moo-0.4.3.tgz",
      "integrity": "sha512-gFD2xGCl8YFgGHsqJ9NKRVdwlioeW3mI1iqfLNYQOv0+6JRwG58Zk9DIGQgyIaffSYaO1xsKnMaYzzNr1KyIAw=="
    },
    "mri": {
      "version": "1.1.6",
      "resolved": "https://registry.npmjs.org/mri/-/mri-1.1.6.tgz",
      "integrity": "sha512-oi1b3MfbyGa7FJMP9GmLTttni5JoICpYBRlq+x5V16fZbLsnL9N3wFqqIm/nIG43FjUFkFh9Epzp/kzUGUnJxQ==",
      "dev": true
    },
    "ms": {
      "version": "2.1.2",
      "resolved": "https://registry.npmjs.org/ms/-/ms-2.1.2.tgz",
      "integrity": "sha512-sGkPx+VjMtmA6MX27oA4FBFELFCZZ4S4XqeGOXCv68tT+jb3vk/RyaKWP0PTKyWtmLSM0b+adUTEvbs1PEaH2w==",
      "dev": true
    },
    "nearley": {
      "version": "2.19.0",
      "resolved": "https://registry.npmjs.org/nearley/-/nearley-2.19.0.tgz",
      "integrity": "sha512-2v52FTw7RPqieZr3Gth1luAXZR7Je6q3KaDHY5bjl/paDUdMu35fZ8ICNgiYJRr3tf3NMvIQQR1r27AvEr9CRA==",
      "requires": {
        "commander": "^2.19.0",
        "moo": "^0.4.3",
        "railroad-diagrams": "^1.0.0",
        "randexp": "0.4.6",
        "semver": "^5.4.1"
      }
    },
    "picomatch": {
      "version": "2.2.2",
      "resolved": "https://registry.npmjs.org/picomatch/-/picomatch-2.2.2.tgz",
      "integrity": "sha512-q0M/9eZHzmr0AulXyPwNfZjtwZ/RBZlbN3K3CErVrk50T2ASYI7Bye0EvekFY3IP1Nt2DHu0re+V2ZHIpMkuWg==",
      "dev": true
    },
    "railroad-diagrams": {
      "version": "1.0.0",
      "resolved": "https://registry.npmjs.org/railroad-diagrams/-/railroad-diagrams-1.0.0.tgz",
      "integrity": "sha1-635iZ1SN3t+4mcG5Dlc3RVnN234="
    },
    "randexp": {
      "version": "0.4.6",
      "resolved": "https://registry.npmjs.org/randexp/-/randexp-0.4.6.tgz",
      "integrity": "sha512-80WNmd9DA0tmZrw9qQa62GPPWfuXJknrmVmLcxvq4uZBdYqb1wYoKTmnlGUchvVWe0XiLupYkBoXVOxz3C8DYQ==",
      "requires": {
        "discontinuous-range": "1.0.0",
        "ret": "~0.1.10"
      }
    },
    "ret": {
      "version": "0.1.15",
      "resolved": "https://registry.npmjs.org/ret/-/ret-0.1.15.tgz",
      "integrity": "sha512-TTlYpa+OL+vMMNG24xSlQGEJ3B/RzEfUlLct7b5G/ytav+wPrplCpVMFuwzXbkecJrb6IYo1iFb0S9v37754mg=="
    },
    "semver": {
      "version": "5.7.1",
      "resolved": "https://registry.npmjs.org/semver/-/semver-5.7.1.tgz",
      "integrity": "sha512-sauaDf/PZdVgrLTNYHRtpXa1iRiKcaebiKQ1BJdpQlWH2lCvexQdX55snPFyK7QzpudqbCI0qXFfOasHdyNDGQ=="
    },
    "source-map": {
      "version": "0.6.1",
      "resolved": "https://registry.npmjs.org/source-map/-/source-map-0.6.1.tgz",
      "integrity": "sha512-UjgapumWlbMhkBgzT7Ykc5YXUT46F0iKu8SGXq0bcwP5dz/h0Plj6enJqjz1Zbq2l5WaqYnrVbwWOWMyF3F47g==",
      "dev": true
    },
    "source-map-support": {
      "version": "0.5.19",
      "resolved": "https://registry.npmjs.org/source-map-support/-/source-map-support-0.5.19.tgz",
      "integrity": "sha512-Wonm7zOCIJzBGQdB+thsPar0kYuCIzYvxZwlBa87yi/Mdjv7Tip2cyVbLj5o0cFPN4EVkuTwb3GDDyUx2DGnGw==",
      "dev": true,
      "requires": {
        "buffer-from": "^1.0.0",
        "source-map": "^0.6.0"
      }
    },
    "to-regex-range": {
      "version": "5.0.1",
      "resolved": "https://registry.npmjs.org/to-regex-range/-/to-regex-range-5.0.1.tgz",
      "integrity": "sha512-65P7iz6X5yEr1cwcgvQxbbIw7Uk3gOy5dIdtZ4rDveLqhrdJP+Li/Hx6tyK0NEb+2GCyneCMJiGqrADCSNk8sQ==",
      "dev": true,
      "requires": {
        "is-number": "^7.0.0"
      }
    },
    "typescript": {
      "version": "4.0.2",
      "resolved": "https://registry.npmjs.org/typescript/-/typescript-4.0.2.tgz",
      "integrity": "sha512-e4ERvRV2wb+rRZ/IQeb3jm2VxBsirQLpQhdxplZ2MEzGvDkkMmPglecnNDfSUBivMjP93vRbngYYDQqQ/78bcQ==",
      "dev": true
    }
  }
}
